
Microsoft Visual Studio Solution File, Format Version 12.00
# Visual Studio Version 17
VisualStudioVersion = 17.14.36518.9 d17.14
MinimumVisualStudioVersion = 10.0.40219.1
Project("{FAE04EC0-301F-11D3-BF4B-00C04F79EFBC}") = "Heap,Stack, Ref", "Heap,Stack, Ref\Heap,Stack, Ref.csproj", "{2F65A189-96DA-468A-8D8F-520C42C7B203}"
EndProject
Global
	GlobalSection(SolutionConfigurationPlatforms) = preSolution
		Debug|Any CPU = Debug|Any CPU
		Release|Any CPU = Release|Any CPU
	EndGlobalSection
	GlobalSection(ProjectConfigurationPlatforms) = postSolution
		{2F65A189-96DA-468A-8D8F-520C42C7B203}.Debug|Any CPU.ActiveCfg = Debug|Any CPU
		{2F65A189-96DA-468A-8D8F-520C42C7B203}.Debug|Any CPU.Build.0 = Debug|Any CPU
		{2F65A189-96DA-468A-8D8F-520C42C7B203}.Release|Any CPU.ActiveCfg = Release|Any CPU
		{2F65A189-96DA-468A-8D8F-520C42C7B203}.Release|Any CPU.Build.0 = Release|Any CPU
	EndGlobalSection
	GlobalSection(SolutionProperties) = preSolution
		HideSolutionNode = FALSE
	EndGlobalSection
	GlobalSection(ExtensibilityGlobals) = postSolution
		SolutionGuid = {78780EA7-A9B1-4798-89F7-D07FA4822B4C}
	EndGlobalSection
EndGlobal
